
Microsoft Visual Studio Solution File, Format Version 12.00
# Visual Studio Version 17
VisualStudioVersion = 17.8.34316.72
MinimumVisualStudioVersion = 10.0.40219.1
Project("{FAE04EC0-301F-11D3-BF4B-00C04F79EFBC}") = "Ada.tech.Exercicio.Git", "Ada.tech.Exercicio.Git\Ada.tech.Exercicio.Git.csproj", "{B59E036D-92F8-4011-81F9-8AB000A8B414}"
EndProject
Global
	GlobalSection(SolutionConfigurationPlatforms) = preSolution
		Debug|Any CPU = Debug|Any CPU
		Release|Any CPU = Release|Any CPU
	EndGlobalSection
	GlobalSection(ProjectConfigurationPlatforms) = postSolution
		{B59E036D-92F8-4011-81F9-8AB000A8B414}.Debug|Any CPU.ActiveCfg = Debug|Any CPU
		{B59E036D-92F8-4011-81F9-8AB000A8B414}.Debug|Any CPU.Build.0 = Debug|Any CPU
		{B59E036D-92F8-4011-81F9-8AB000A8B414}.Release|Any CPU.ActiveCfg = Release|Any CPU
		{B59E036D-92F8-4011-81F9-8AB000A8B414}.Release|Any CPU.Build.0 = Release|Any CPU
	EndGlobalSection
	GlobalSection(SolutionProperties) = preSolution
		HideSolutionNode = FALSE
	EndGlobalSection
	GlobalSection(ExtensibilityGlobals) = postSolution
		SolutionGuid = {887FA184-F053-4C11-8EF7-791A8219791C}
	EndGlobalSection
EndGlobal
